// !$*UTF8*$!
{
	archiveVersion = 1;
	classes = {
	};
	objectVersion = 46;
	objects = {

/* Begin PBXBuildFile section */
		F2B95A7A1AADBFB10004649E /* main.m in Sources */ = {isa = PBXBuildFile; fileRef = F2B95A791AADBFB10004649E /* main.m */; };
		F2B95A7D1AADBFB10004649E /* AppDelegate.m in Sources */ = {isa = PBXBuildFile; fileRef = F2B95A7C1AADBFB10004649E /* AppDelegate.m */; };
		F2B95A801AADBFB10004649E /* ViewController.m in Sources */ = {isa = PBXBuildFile; fileRef = F2B95A7F1AADBFB10004649E /* ViewController.m */; };
		F2B95A831AADBFB10004649E /* Main.storyboard in Resources */ = {isa = PBXBuildFile; fileRef = F2B95A811AADBFB10004649E /* Main.storyboard */; };
		F2B95A851AADBFB10004649E /* Images.xcassets in Resources */ = {isa = PBXBuildFile; fileRef = F2B95A841AADBFB10004649E /* Images.xcassets */; };
		F2B95A881AADBFB10004649E /* LaunchScreen.xib in Resources */ = {isa = PBXBuildFile; fileRef = F2B95A861AADBFB10004649E /* LaunchScreen.xib */; };
		F2B95A941AADBFB10004649E /* PresentationConstrollersTests.m in Sources */ = {isa = PBXBuildFile; fileRef = F2B95A931AADBFB10004649E /* PresentationConstrollersTests.m */; };
/* End PBXBuildFile section */

/* Begin PBXContainerItemProxy section */
		F2B95A8E1AADBFB10004649E /* PBXContainerItemProxy */ = {
			isa = PBXContainerItemProxy;
			containerPortal = F2B95A6C1AADBFB10004649E /* Project object */;
			proxyType = 1;
			remoteGlobalIDString = F2B95A731AADBFB10004649E;
			remoteInfo = PresentationConstrollers;
		};
/* End PBXContainerItemProxy section */

/* Begin PBXFileReference section */
		F2B95A741AADBFB10004649E /* PresentationConstrollers.app */ = {isa = PBXFileReference; explicitFileType = wrapper.application; includeInIndex = 0; path = PresentationConstrollers.app; sourceTree = BUILT_PRODUCTS_DIR; };
		F2B95A781AADBFB10004649E /* Info.plist */ = {isa = PBXFileReference; lastKnownFileType = text.plist.xml; path = Info.plist; sourceTree = "<group>"; };
		F2B95A791AADBFB10004649E /* main.m */ = {isa = PBXFileReference; lastKnownFileType = sourcecode.c.objc; path = main.m; sourceTree = "<group>"; };
		F2B95A7B1AADBFB10004649E /* AppDelegate.h */ = {isa = PBXFileReference; lastKnownFileType = sourcecode.c.h; path = AppDelegate.h; sourceTree = "<group>"; };
		F2B95A7C1AADBFB10004649E /* AppDelegate.m */ = {isa = PBXFileReference; lastKnownFileType = sourcecode.c.objc; path = AppDelegate.m; sourceTree = "<group>"; };
		F2B95A7E1AADBFB10004649E /* ViewController.h */ = {isa = PBXFileReference; lastKnownFileType = sourcecode.c.h; path = ViewController.h; sourceTree = "<group>"; };
		F2B95A7F1AADBFB10004649E /* ViewController.m */ = {isa = PBXFileReference; lastKnownFileType = sourcecode.c.objc; path = ViewController.m; sourceTree = "<group>"; };
		F2B95A821AADBFB10004649E /* Base */ = {isa = PBXFileReference; lastKnownFileType = file.storyboard; name = Base; path = Base.lproj/Main.storyboard; sourceTree = "<group>"; };
		F2B95A841AADBFB10004649E /* Images.xcassets */ = {isa = PBXFileReference; lastKnownFileType = folder.assetcatalog; path = Images.xcassets; sourceTree = "<group>"; };
		F2B95A871AADBFB10004649E /* Base */ = {isa = PBXFileReference; lastKnownFileType = file.xib; name = Base; path = Base.lproj/LaunchScreen.xib; sourceTree = "<group>"; };
		F2B95A8D1AADBFB10004649E /* PresentationConstrollersTests.xctest */ = {isa = PBXFileReference; explicitFileType = wrapper.cfbundle; includeInIndex = 0; path = PresentationConstrollersTests.xctest; sourceTree = BUILT_PRODUCTS_DIR; };
		F2B95A921AADBFB10004649E /* Info.plist */ = {isa = PBXFileReference; lastKnownFileType = text.plist.xml; path = Info.plist; sourceTree = "<group>"; };
		F2B95A931AADBFB10004649E /* PresentationConstrollersTests.m */ = {isa = PBXFileReference; lastKnownFileType = sourcecode.c.objc; path = PresentationConstrollersTests.m; sourceTree = "<group>"; };
/* End PBXFileReference section */

/* Begin PBXFrameworksBuildPhase section */
		F2B95A711AADBFB10004649E /* Frameworks */ = {
			isa = PBXFrameworksBuildPhase;
			buildActionMask = 2147483647;
			files = (
			);
			runOnlyForDeploymentPostprocessing = 0;
		};
		F2B95A8A1AADBFB10004649E /* Frameworks */ = {
			isa = PBXFrameworksBuildPhase;
			buildActionMask = 2147483647;
			files = (
			);
			runOnlyForDeploymentPostprocessing = 0;
		};
/* End PBXFrameworksBuildPhase section */

/* Begin PBXGroup section */
		F2B95A6B1AADBFB10004649E = {
			isa = PBXGroup;
			children = (
				F2B95A761AADBFB10004649E /* PresentationConstrollers */,
				F2B95A901AADBFB10004649E /* PresentationConstrollersTests */,
				F2B95A751AADBFB10004649E /* Products */,
			);
			sourceTree = "<group>";
		};
		F2B95A751AADBFB10004649E /* Products */ = {
			isa = PBXGroup;
			children = (
				F2B95A741AADBFB10004649E /* PresentationConstrollers.app */,
				F2B95A8D1AADBFB10004649E /* PresentationConstrollersTests.xctest */,
			);
			name = Products;
			sourceTree = "<group>";
		};
		F2B95A761AADBFB10004649E /* PresentationConstrollers */ = {
			isa = PBXGroup;
			children = (
				F2B95A7B1AADBFB10004649E /* AppDelegate.h */,
				F2B95A7C1AADBFB10004649E /* AppDelegate.m */,
				F2B95A7E1AADBFB10004649E /* ViewController.h */,
				F2B95A7F1AADBFB10004649E /* ViewController.m */,
				F2B95A811AADBFB10004649E /* Main.storyboard */,
				F2B95A841AADBFB10004649E /* Images.xcassets */,
				F2B95A861AADBFB10004649E /* LaunchScreen.xib */,
				F2B95A771AADBFB10004649E /* Supporting Files */,
			);
			path = PresentationConstrollers;
			sourceTree = "<group>";
		};
		F2B95A771AADBFB10004649E /* Supporting Files */ = {
			isa = PBXGroup;
			children = (
				F2B95A781AADBFB10004649E /* Info.plist */,
				F2B95A791AADBFB10004649E /* main.m */,
			);
			name = "Supporting Files";
			sourceTree = "<group>";
		};
		F2B95A901AADBFB10004649E /* PresentationConstrollersTests */ = {
			isa = PBXGroup;
			children = (
				F2B95A931AADBFB10004649E /* PresentationConstrollersTests.m */,
				F2B95A911AADBFB10004649E /* Supporting Files */,
			);
			path = PresentationConstrollersTests;
			sourceTree = "<group>";
		};
		F2B95A911AADBFB10004649E /* Supporting Files */ = {
			isa = PBXGroup;
			children = (
				F2B95A921AADBFB10004649E /* Info.plist */,
			);
			name = "Supporting Files";
			sourceTree = "<group>";
		};
/* End PBXGroup section */

/* Begin PBXNativeTarget section */
		F2B95A731AADBFB10004649E /* PresentationConstrollers */ = {
			isa = PBXNativeTarget;
			buildConfigurationList = F2B95A971AADBFB10004649E /* Build configuration list for PBXNativeTarget "PresentationConstrollers" */;
			buildPhases = (
				F2B95A701AADBFB10004649E /* Sources */,
				F2B95A711AADBFB10004649E /* Frameworks */,
				F2B95A721AADBFB10004649E /* Resources */,
			);
			buildRules = (
			);
			dependencies = (
			);
			name = PresentationConstrollers;
			productName = PresentationConstrollers;
			productReference = F2B95A741AADBFB10004649E /* PresentationConstrollers.app */;
			productType = "com.apple.product-type.application";
		};
		F2B95A8C1AADBFB10004649E /* PresentationConstrollersTests */ = {
			isa = PBXNativeTarget;
			buildConfigurationList = F2B95A9A1AADBFB10004649E /* Build configuration list for PBXNativeTarget "PresentationConstrollersTests" */;
			buildPhases = (
				F2B95A891AADBFB10004649E /* Sources */,
				F2B95A8A1AADBFB10004649E /* Frameworks */,
				F2B95A8B1AADBFB10004649E /* Resources */,
			);
			buildRules = (
			);
			dependencies = (
				F2B95A8F1AADBFB10004649E /* PBXTargetDependency */,
			);
			name = PresentationConstrollersTests;
			productName = PresentationConstrollersTests;
			productReference = F2B95A8D1AADBFB10004649E /* PresentationConstrollersTests.xctest */;
			productType = "com.apple.product-type.bundle.unit-test";
		};
/* End PBXNativeTarget section */

/* Begin PBXProject section */
		F2B95A6C1AADBFB10004649E /* Project object */ = {
			isa = PBXProject;
			attributes = {
				LastUpgradeCheck = 0610;
				ORGANIZATIONNAME = SmallLily;
				TargetAttributes = {
					F2B95A731AADBFB10004649E = {
						CreatedOnToolsVersion = 6.1;
					};
					F2B95A8C1AADBFB10004649E = {
						CreatedOnToolsVersion = 6.1;
						TestTargetID = F2B95A731AADBFB10004649E;
					};
				};
			};
			buildConfigurationList = F2B95A6F1AADBFB10004649E /* Build configuration list for PBXProject "PresentationConstrollers" */;
			compatibilityVersion = "Xcode 3.2";
			developmentRegion = English;
			hasScannedForEncodings = 0;
			knownRegions = (
				en,
				Base,
			);
			mainGroup = F2B95A6B1AADBFB10004649E;
			productRefGroup = F2B95A751AADBFB10004649E /* Products */;
			projectDirPath = "";
			projectRoot = "";
			targets = (
				F2B95A731AADBFB10004649E /* PresentationConstrollers */,
				F2B95A8C1AADBFB10004649E /* PresentationConstrollersTests */,
			);
		};
/* End PBXProject section */

/* Begin PBXResourcesBuildPhase section */
		F2B95A721AADBFB10004649E /* Resources */ = {
			isa = PBXResourcesBuildPhase;
			buildActionMask = 2147483647;
			files = (
				F2B95A831AADBFB10004649E /* Main.storyboard in Resources */,
				F2B95A881AADBFB10004649E /* LaunchScreen.xib in Resources */,
				F2B95A851AADBFB10004649E /* Images.xcassets in Resources */,
			);
			runOnlyForDeploymentPostprocessing = 0;
		};
		F2B95A8B1AADBFB10004649E /* Resources */ = {
			isa = PBXResourcesBuildPhase;
			buildActionMask = 2147483647;
			files = (
			);
			runOnlyForDeploymentPostprocessing = 0;
		};
/* End PBXResourcesBuildPhase section */

/* Begin PBXSourcesBuildPhase section */
		F2B95A701AADBFB10004649E /* Sources */ = {
			isa = PBXSourcesBuildPhase;
			buildActionMask = 2147483647;
			files = (
				F2B95A801AADBFB10004649E /* ViewController.m in Sources */,
				F2B95A7D1AADBFB10004649E /* AppDelegate.m in Sources */,
				F2B95A7A1AADBFB10004649E /* main.m in Sources */,
			);
			runOnlyForDeploymentPostprocessing = 0;
		};
		F2B95A891AADBFB10004649E /* Sources */ = {
			isa = PBXSourcesBuildPhase;
			buildActionMask = 2147483647;
			files = (
				F2B95A941AADBFB10004649E /* PresentationConstrollersTests.m in Sources */,
			);
			runOnlyForDeploymentPostprocessing = 0;
		};
/* End PBXSourcesBuildPhase section */

/* Begin PBXTargetDependency section */
		F2B95A8F1AADBFB10004649E /* PBXTargetDependency */ = {
			isa = PBXTargetDependency;
			target = F2B95A731AADBFB10004649E /* PresentationConstrollers */;
			targetProxy = F2B95A8E1AADBFB10004649E /* PBXContainerItemProxy */;
		};
/* End PBXTargetDependency section */

/* Begin PBXVariantGroup section */
		F2B95A811AADBFB10004649E /* Main.storyboard */ = {
			isa = PBXVariantGroup;
			children = (
				F2B95A821AADBFB10004649E /* Base */,
			);
			name = Main.storyboard;
			sourceTree = "<group>";
		};
		F2B95A861AADBFB10004649E /* LaunchScreen.xib */ = {
			isa = PBXVariantGroup;
			children = (
				F2B95A871AADBFB10004649E /* Base */,
			);
			name = LaunchScreen.xib;
			sourceTree = "<group>";
		};
/* End PBXVariantGroup section */

/* Begin XCBuildConfiguration section */
		F2B95A951AADBFB10004649E /* Debug */ = {
			isa = XCBuildConfiguration;
			buildSettings = {
				ALWAYS_SEARCH_USER_PATHS = NO;
				CLANG_CXX_LANGUAGE_STANDARD = "gnu++0x";
				CLANG_CXX_LIBRARY = "libc++";
				CLANG_ENABLE_MODULES = YES;
				CLANG_ENABLE_OBJC_ARC = YES;
				CLANG_WARN_BOOL_CONVERSION = YES;
				CLANG_WARN_CONSTANT_CONVERSION = YES;
				CLANG_WARN_DIRECT_OBJC_ISA_USAGE = YES_ERROR;
				CLANG_WARN_EMPTY_BODY = YES;
				CLANG_WARN_ENUM_CONVERSION = YES;
				CLANG_WARN_INT_CONVERSION = YES;
				CLANG_WARN_OBJC_ROOT_CLASS = YES_ERROR;
				CLANG_WARN_UNREACHABLE_CODE = YES;
				CLANG_WARN__DUPLICATE_METHOD_MATCH = YES;
				"CODE_SIGN_IDENTITY[sdk=iphoneos*]" = "iPhone Developer";
				COPY_PHASE_STRIP = NO;
				ENABLE_STRICT_OBJC_MSGSEND = YES;
				GCC_C_LANGUAGE_STANDARD = gnu99;
				GCC_DYNAMIC_NO_PIC = NO;
				GCC_OPTIMIZATION_LEVEL = 0;
				GCC_PREPROCESSOR_DEFINITIONS = (
					"DEBUG=1",
					"$(inherited)",
				);
				GCC_SYMBOLS_PRIVATE_EXTERN = NO;
				GCC_WARN_64_TO_32_BIT_CONVERSION = YES;
				GCC_WARN_ABOUT_RETURN_TYPE = YES_ERROR;
				GCC_WARN_UNDECLARED_SELECTOR = YES;
				GCC_WARN_UNINITIALIZED_AUTOS = YES_AGGRESSIVE;
				GCC_WARN_UNUSED_FUNCTION = YES;
				GCC_WARN_UNUSED_VARIABLE = YES;
				IPHONEOS_DEPLOYMENT_TARGET = 8.1;
				MTL_ENABLE_DEBUG_INFO = YES;
				ONLY_ACTIVE_ARCH = YES;
				SDKROOT = iphoneos;
			};
			name = Debug;
		};
		F2B95A961AADBFB10004649E /* Release */ = {
			isa = XCBuildConfiguration;
			buildSettings = {
				ALWAYS_SEARCH_USER_PATHS = NO;
				CLANG_CXX_LANGUAGE_STANDARD = "gnu++0x";
				CLANG_CXX_LIBRARY = "libc++";
				CLANG_ENABLE_MODULES = YES;
				CLANG_ENABLE_OBJC_ARC = YES;
				CLANG_WARN_BOOL_CONVERSION = YES;
				CLANG_WARN_CONSTANT_CONVERSION = YES;
				CLANG_WARN_DIRECT_OBJC_ISA_USAGE = YES_ERROR;
				CLANG_WARN_EMPTY_BODY = YES;
				CLANG_WARN_ENUM_CONVERSION = YES;
				CLANG_WARN_INT_CONVERSION = YES;
				CLANG_WARN_OBJC_ROOT_CLASS = YES_ERROR;
				CLANG_WARN_UNREACHABLE_CODE = YES;
				CLANG_WARN__DUPLICATE_METHOD_MATCH = YES;
				"CODE_SIGN_IDENTITY[sdk=iphoneos*]" = "iPhone Developer";
				COPY_PHASE_STRIP = YES;
				ENABLE_NS_ASSERTIONS = NO;
				ENABLE_STRICT_OBJC_MSGSEND = YES;
				GCC_C_LANGUAGE_STANDARD = gnu99;
				GCC_WARN_64_TO_32_BIT_CONVERSION = YES;
				GCC_WARN_ABOUT_RETURN_TYPE = YES_ERROR;
				GCC_WARN_UNDECLARED_SELECTOR = YES;
				GCC_WARN_UNINITIALIZED_AUTOS = YES_AGGRESSIVE;
				GCC_WARN_UNUSED_FUNCTION = YES;
				GCC_WARN_UNUSED_VARIABLE = YES;
				IPHONEOS_DEPLOYMENT_TARGET = 8.1;
				MTL_ENABLE_DEBUG_INFO = NO;
				SDKROOT = iphoneos;
				VALIDATE_PRODUCT = YES;
			};
			name = Release;
		};
		F2B95A981AADBFB10004649E /* Debug */ = {
			isa = XCBuildConfiguration;
			buildSettings = {
				ASSETCATALOG_COMPILER_APPICON_NAME = AppIcon;
				INFOPLIST_FILE = PresentationConstrollers/Info.plist;
				LD_RUNPATH_SEARCH_PATHS = "$(inherited) @executable_path/Frameworks";
				PRODUCT_NAME = "$(TARGET_NAME)";
			};
			name = Debug;
		};
		F2B95A991AADBFB10004649E /* Release */ = {
			isa = XCBuildConfiguration;
			buildSettings = {
				ASSETCATALOG_COMPILER_APPICON_NAME = AppIcon;
				INFOPLIST_FILE = PresentationConstrollers/Info.plist;
				LD_RUNPATH_SEARCH_PATHS = "$(inherited) @executable_path/Frameworks";
				PRODUCT_NAME = "$(TARGET_NAME)";
			};
			name = Release;
		};
		F2B95A9B1AADBFB10004649E /* Debug */ = {
			isa = XCBuildConfiguration;
			buildSettings = {
				BUNDLE_LOADER = "$(TEST_HOST)";
				FRAMEWORK_SEARCH_PATHS = (
					"$(SDKROOT)/Developer/Library/Frameworks",
					"$(inherited)",
				);
				GCC_PREPROCESSOR_DEFINITIONS = (
					"DEBUG=1",
					"$(inherited)",
				);
				INFOPLIST_FILE = PresentationConstrollersTests/Info.plist;
				LD_RUNPATH_SEARCH_PATHS = "$(inherited) @executable_path/Frameworks @loader_path/Frameworks";
				PRODUCT_NAME = "$(TARGET_NAME)";
				TEST_HOST = "$(BUILT_PRODUCTS_DIR)/PresentationConstrollers.app/PresentationConstrollers";
			};
			name = Debug;
		};
		F2B95A9C1AADBFB10004649E /* Release */ = {
			isa = XCBuildConfiguration;
			buildSettings = {
				BUNDLE_LOADER = "$(TEST_HOST)";
				FRAMEWORK_SEARCH_PATHS = (
					"$(SDKROOT)/Developer/Library/Frameworks",
					"$(inherited)",
				);
				INFOPLIST_FILE = PresentationConstrollersTests/Info.plist;
				LD_RUNPATH_SEARCH_PATHS = "$(inherited) @executable_path/Frameworks @loader_path/Frameworks";
				PRODUCT_NAME = "$(TARGET_NAME)";
				TEST_HOST = "$(BUILT_PRODUCTS_DIR)/PresentationConstrollers.app/PresentationConstrollers";
			};
			name = Release;
		};
/* End XCBuildConfiguration section */

/* Begin XCConfigurationList section */
		F2B95A6F1AADBFB10004649E /* Build configuration list for PBXProject "PresentationConstrollers" */ = {
			isa = XCConfigurationList;
			buildConfigurations = (
				F2B95A951AADBFB10004649E /* Debug */,
				F2B95A961AADBFB10004649E /* Release */,
			);
			defaultConfigurationIsVisible = 0;
			defaultConfigurationName = Release;
		};
		F2B95A971AADBFB10004649E /* Build configuration list for PBXNativeTarget "PresentationConstrollers" */ = {
			isa = XCConfigurationList;
			buildConfigurations = (
				F2B95A981AADBFB10004649E /* Debug */,
				F2B95A991AADBFB10004649E /* Release */,
			);
			defaultConfigurationIsVisible = 0;
		};
		F2B95A9A1AADBFB10004649E /* Build configuration list for PBXNativeTarget "PresentationConstrollersTests" */ = {
			isa = XCConfigurationList;
			buildConfigurations = (
				F2B95A9B1AADBFB10004649E /* Debug */,
				F2B95A9C1AADBFB10004649E /* Release */,
			);
			defaultConfigurationIsVisible = 0;
		};
/* End XCConfigurationList section */
	};
	rootObject = F2B95A6C1AADBFB10004649E /* Project object */;
}
